
Microsoft Visual Studio Solution File, Format Version 12.00
# Visual Studio 15
VisualStudioVersion = 15.0.28307.705
MinimumVisualStudioVersion = 10.0.40219.1
Project("{FAE04EC0-301F-11D3-BF4B-00C04F79EFBC}") = "AssemblyReporter", "AssemblyReporter\AssemblyReporter.csproj", "{3ABEF632-4765-4E0B-A1C8-CEFAF7DAFCA3}"
	ProjectSection(ProjectDependencies) = postProject
		{8700B723-D6FD-4B35-A4D7-82D9DE3BFEEA} = {8700B723-D6FD-4B35-A4D7-82D9DE3BFEEA}
	EndProjectSection
EndProject
Project("{FAE04EC0-301F-11D3-BF4B-00C04F79EFBC}") = "AssemblyReport", "AssemblyReport\AssemblyReport.csproj", "{8700B723-D6FD-4B35-A4D7-82D9DE3BFEEA}"
EndProject
Global
	GlobalSection(SolutionConfigurationPlatforms) = preSolution
		Debug|Any CPU = Debug|Any CPU
		Release|Any CPU = Release|Any CPU
	EndGlobalSection
	GlobalSection(ProjectConfigurationPlatforms) = postSolution
		{3ABEF632-4765-4E0B-A1C8-CEFAF7DAFCA3}.Debug|Any CPU.ActiveCfg = Debug|Any CPU
		{3ABEF632-4765-4E0B-A1C8-CEFAF7DAFCA3}.Debug|Any CPU.Build.0 = Debug|Any CPU
		{3ABEF632-4765-4E0B-A1C8-CEFAF7DAFCA3}.Release|Any CPU.ActiveCfg = Release|Any CPU
		{3ABEF632-4765-4E0B-A1C8-CEFAF7DAFCA3}.Release|Any CPU.Build.0 = Release|Any CPU
		{8700B723-D6FD-4B35-A4D7-82D9DE3BFEEA}.Debug|Any CPU.ActiveCfg = Debug|Any CPU
		{8700B723-D6FD-4B35-A4D7-82D9DE3BFEEA}.Debug|Any CPU.Build.0 = Debug|Any CPU
		{8700B723-D6FD-4B35-A4D7-82D9DE3BFEEA}.Release|Any CPU.ActiveCfg = Release|Any CPU
		{8700B723-D6FD-4B35-A4D7-82D9DE3BFEEA}.Release|Any CPU.Build.0 = Release|Any CPU
	EndGlobalSection
	GlobalSection(SolutionProperties) = preSolution
		HideSolutionNode = FALSE
	EndGlobalSection
	GlobalSection(ExtensibilityGlobals) = postSolution
		SolutionGuid = {0383B2B8-EF93-4979-80A1-78FD4B2EC55A}
	EndGlobalSection
EndGlobal
